
Microsoft Visual Studio Solution File, Format Version 12.00
# Visual Studio Version 17
VisualStudioVersion = 17.11.35312.102
MinimumVisualStudioVersion = 10.0.40219.1
Project("{9A19103F-16F7-4668-BE54-9A1E7A4F7556}") = "Arrays", "CSharp Array Practice\Arrays.csproj", "{810746FB-7D4A-4F0F-BD57-5AEADA5F919C}"
EndProject
Project("{FAE04EC0-301F-11D3-BF4B-00C04F79EFBC}") = "Strings", "Strings\Strings.csproj", "{89DA7E78-7F42-449D-AB90-91904D6450A5}"
EndProject
Global
	GlobalSection(SolutionConfigurationPlatforms) = preSolution
		Debug|Any CPU = Debug|Any CPU
		Release|Any CPU = Release|Any CPU
	EndGlobalSection
	GlobalSection(ProjectConfigurationPlatforms) = postSolution
		{810746FB-7D4A-4F0F-BD57-5AEADA5F919C}.Debug|Any CPU.ActiveCfg = Debug|Any CPU
		{810746FB-7D4A-4F0F-BD57-5AEADA5F919C}.Debug|Any CPU.Build.0 = Debug|Any CPU
		{810746FB-7D4A-4F0F-BD57-5AEADA5F919C}.Release|Any CPU.ActiveCfg = Release|Any CPU
		{810746FB-7D4A-4F0F-BD57-5AEADA5F919C}.Release|Any CPU.Build.0 = Release|Any CPU
		{89DA7E78-7F42-449D-AB90-91904D6450A5}.Debug|Any CPU.ActiveCfg = Debug|Any CPU
		{89DA7E78-7F42-449D-AB90-91904D6450A5}.Debug|Any CPU.Build.0 = Debug|Any CPU
		{89DA7E78-7F42-449D-AB90-91904D6450A5}.Release|Any CPU.ActiveCfg = Release|Any CPU
		{89DA7E78-7F42-449D-AB90-91904D6450A5}.Release|Any CPU.Build.0 = Release|Any CPU
	EndGlobalSection
	GlobalSection(SolutionProperties) = preSolution
		HideSolutionNode = FALSE
	EndGlobalSection
	GlobalSection(ExtensibilityGlobals) = postSolution
		SolutionGuid = {4D74139E-DBD7-4C6C-8E7F-D33CDE94CFBB}
	EndGlobalSection
EndGlobal
